# THIS IS AN AUTOGENERATED FILE. DO NOT EDIT THIS FILE DIRECTLY.
# yarn lockfile v1


accepts@~1.3.5:
  version "1.3.8"
  resolved "http://registry.qizhidao.net/accepts/-/accepts-1.3.8.tgz#0bf0be125b67014adcb0b0921e62db7bffe16b2e"
  integrity sha512-PYAthTa2m2VKxuvSD3DPC/Gy+U+sOA1LAuT8mkmRuvw+NACSaeXEQ+NHcVF7rONl6qcaxV3Uuemwawk+7+SJLw==
  dependencies:
    mime-types "~2.1.34"
    negotiator "0.6.3"

address@^1.0.1:
  version "1.1.2"
  resolved "http://registry.qizhidao.net/address/-/address-1.1.2.tgz#bf1116c9c758c51b7a933d296b72c221ed9428b6"
  integrity sha1-vxEWycdYxRt6kz0pa3LCIe2UKLY=

align-text@^0.1.1, align-text@^0.1.3:
  version "0.1.4"
  resolved "http://registry.qizhidao.net/align-text/-/align-text-0.1.4.tgz#0cd90a561093f35d0a99256c22b7069433fad117"
  integrity sha1-DNkKVhCT810KmSVsIrcGlDP60Rc=
  dependencies:
    kind-of "^3.0.2"
    longest "^1.0.1"
    repeat-string "^1.5.2"

amdefine@>=0.0.4:
  version "1.0.1"
  resolved "http://registry.qizhidao.net/amdefine/-/amdefine-1.0.1.tgz#4a5282ac164729e93619bcfd3ad151f817ce91f5"
  integrity sha1-SlKCrBZHKek2Gbz9OtFR+BfOkfU=

ansi-align@^2.0.0:
  version "2.0.0"
  resolved "http://registry.qizhidao.net/ansi-align/-/ansi-align-2.0.0.tgz#c36aeccba563b89ceb556f3690f0b1d9e3547f7f"
  integrity sha1-w2rsy6VjuJzrVW82kPCx2eNUf38=
  dependencies:
    string-width "^2.0.0"

ansi-regex@^3.0.0:
  version "3.0.0"
  resolved "http://registry.qizhidao.net/ansi-regex/-/ansi-regex-3.0.0.tgz#ed0317c322064f79466c02966bddb605ab37d998"
  integrity sha1-7QMXwyIGT3lGbAKWa922Bas32Zg=

ansi-styles@^3.2.1:
  version "3.2.1"
  resolved "http://registry.qizhidao.net/ansi-styles/-/ansi-styles-3.2.1.tgz#41fbb20243e50b12be0f04b8dedbf07520ce841d"
  integrity sha1-QfuyAkPlCxK+DwS43tvwdSDOhB0=
  dependencies:
    color-convert "^1.9.0"

arch@^2.1.0:
  version "2.2.0"
  resolved "http://registry.qizhidao.net/arch/-/arch-2.2.0.tgz#1bc47818f305764f23ab3306b0bfc086c5a29d11"
  integrity sha1-G8R4GPMFdk8jqzMGsL/AhsWinRE=

arg@2.0.0:
  version "2.0.0"
  resolved "http://registry.qizhidao.net/arg/-/arg-2.0.0.tgz#c06e7ff69ab05b3a4a03ebe0407fac4cba657545"
  integrity sha1-wG5/9pqwWzpKA+vgQH+sTLpldUU=

args@4.0.0:
  version "4.0.0"
  resolved "http://registry.qizhidao.net/args/-/args-4.0.0.tgz#5ca24cdba43d4b17111c56616f5f2e9d91933954"
  integrity sha512-4b7lVF58nlo7sNtq8s2OueroOY/UHn0Nt/NVjsx9zn28u6yDVb9bQ/uy/5jKtHCbUDil4MlMyDLF5+OHEgnTug==
  dependencies:
    camelcase "5.0.0"
    chalk "2.3.2"
    leven "2.1.0"
    mri "1.1.0"

array-union@^1.0.1:
  version "1.0.2"
  resolved "http://registry.qizhidao.net/array-union/-/array-union-1.0.2.tgz#9a34410e4f4e3da23dea375be5be70f24778ec39"
  integrity sha1-mjRBDk9OPaI96jdb5b5w8kd47Dk=
  dependencies:
    array-uniq "^1.0.1"

array-uniq@^1.0.1:
  version "1.0.3"
  resolved "http://registry.qizhidao.net/array-uniq/-/array-uniq-1.0.3.tgz#af6ac877a25cc7f74e058894753858dfdb24fdb6"
  integrity sha1-r2rId6Jcx/dOBYiUdThY39sk/bY=

async@2.6.1:
  version "2.6.1"
  resolved "http://registry.qizhidao.net/async/-/async-2.6.1.tgz#b245a23ca71930044ec53fa46aa00a3e87c6a610"
  integrity sha1-skWiPKcZMAROxT+kaqAKPofGphA=
  dependencies:
    lodash "^4.17.10"

async@^1.4.0:
  version "1.5.2"
  resolved "http://registry.qizhidao.net/async/-/async-1.5.2.tgz#ec6a61ae56480c0c3cb241c95618e20892f9672a"
  integrity sha1-7GphrlZIDAw8skHJVhjiCJL5Zyo=

balanced-match@^1.0.0:
  version "1.0.2"
  resolved "http://registry.qizhidao.net/balanced-match/-/balanced-match-1.0.2.tgz#e83e3a7e3f300b34cb9d87f615fa0cbf357690ee"
  integrity sha512-3oSeUO0TMV67hN1AmbXsK4yaqU7tjiHlbxRDZOpH0KW9+CeX4bRAaX0Anxt0tx2MrpRpWwQaPwIlISEJhYU5Pw==

basic-auth@2.0.0:
  version "2.0.0"
  resolved "http://registry.qizhidao.net/basic-auth/-/basic-auth-2.0.0.tgz#015db3f353e02e56377755f962742e8981e7bbba"
  integrity sha1-AV2z81PgLlY3d1X5YnQuiYHnu7o=
  dependencies:
    safe-buffer "5.1.1"

bluebird@3.5.1:
  version "3.5.1"
  resolved "http://registry.qizhidao.net/bluebird/-/bluebird-3.5.1.tgz#d9551f9de98f1fcda1e683d17ee91a0602ee2eb9"
  integrity sha1-2VUfnemPH82h5oPRfukaBgLuLrk=

boxen@1.3.0:
  version "1.3.0"
  resolved "http://registry.qizhidao.net/boxen/-/boxen-1.3.0.tgz#55c6c39a8ba58d9c61ad22cd877532deb665a20b"
  integrity sha1-VcbDmouljZxhrSLNh3Uy3rZlogs=
  dependencies:
    ansi-align "^2.0.0"
    camelcase "^4.0.0"
    chalk "^2.0.1"
    cli-boxes "^1.0.0"
    string-width "^2.0.0"
    term-size "^1.2.0"
    widest-line "^2.0.0"

brace-expansion@^1.1.7:
  version "1.1.11"
  resolved "http://registry.qizhidao.net/brace-expansion/-/brace-expansion-1.1.11.tgz#3c7fcbf529d87226f3d2f52b966ff5271eb441dd"
  integrity sha1-PH/L9SnYcibz0vUrlm/1Jx60Qd0=
  dependencies:
    balanced-match "^1.0.0"
    concat-map "0.0.1"

bytes@3.0.0:
  version "3.0.0"
  resolved "http://registry.qizhidao.net/bytes/-/bytes-3.0.0.tgz#d32815404d689699f85a4ea4fa8755dd13a96048"
  integrity sha1-0ygVQE1olpn4Wk6k+odV3ROpYEg=

camelcase@5.0.0:
  version "5.0.0"
  resolved "http://registry.qizhidao.net/camelcase/-/camelcase-5.0.0.tgz#03295527d58bd3cd4aa75363f35b2e8d97be2f42"
  integrity sha1-AylVJ9WL081Kp1Nj81sujZe+L0I=

camelcase@^1.0.2:
  version "1.2.1"
  resolved "http://registry.qizhidao.net/camelcase/-/camelcase-1.2.1.tgz#9bb5304d2e0b56698b2c758b08a3eaa9daa58a39"
  integrity sha1-m7UwTS4LVmmLLHWLCKPqqdqlijk=

camelcase@^4.0.0:
  version "4.1.0"
  resolved "http://registry.qizhidao.net/camelcase/-/camelcase-4.1.0.tgz#d545635be1e33c542649c69173e5de6acfae34dd"
  integrity sha1-1UVjW+HjPFQmScaRc+Xeas+uNN0=

center-align@^0.1.1:
  version "0.1.3"
  resolved "http://registry.qizhidao.net/center-align/-/center-align-0.1.3.tgz#aa0d32629b6ee972200411cbd4461c907bc2b7ad"
  integrity sha1-qg0yYptu6XIgBBHL1EYckHvCt60=
  dependencies:
    align-text "^0.1.3"
    lazy-cache "^1.0.3"

chalk@2.3.2:
  version "2.3.2"
  resolved "http://registry.qizhidao.net/chalk/-/chalk-2.3.2.tgz#250dc96b07491bfd601e648d66ddf5f60c7a5c65"
  integrity sha512-ZM4j2/ld/YZDc3Ma8PgN7gyAk+kHMMMyzLNryCPGhWrsfAuDVeuid5bpRFTDgMH9JBK2lA4dyyAkkZYF/WcqDQ==
  dependencies:
    ansi-styles "^3.2.1"
    escape-string-regexp "^1.0.5"
    supports-color "^5.3.0"

chalk@2.4.0:
  version "2.4.0"
  resolved "http://registry.qizhidao.net/chalk/-/chalk-2.4.0.tgz#a060a297a6b57e15b61ca63ce84995daa0fe6e52"
  integrity sha512-Wr/w0f4o9LuE7K53cD0qmbAMM+2XNLzR29vFn5hqko4sxGlUsyy363NvmyGIyk5tpe9cjTr9SJYbysEyPkRnFw==
  dependencies:
    ansi-styles "^3.2.1"
    escape-string-regexp "^1.0.5"
    supports-color "^5.3.0"

chalk@2.4.1:
  version "2.4.1"
  resolved "http://registry.qizhidao.net/chalk/-/chalk-2.4.1.tgz#18c49ab16a037b6eb0152cc83e3471338215b66e"
  integrity sha512-ObN6h1v2fTJSmUXoS3nMQ92LbDK9be4TV+6G+omQlGJFdcUX5heKi1LZ1YnRMIgwTLEj3E24bT6tYni50rlCfQ==
  dependencies:
    ansi-styles "^3.2.1"
    escape-string-regexp "^1.0.5"
    supports-color "^5.3.0"

chalk@^2.0.1:
  version "2.4.2"
  resolved "http://registry.qizhidao.net/chalk/-/chalk-2.4.2.tgz#cd42541677a54333cf541a49108c1432b44c9424"
  integrity sha512-Mti+f9lpJNcwF4tWV8/OrTTtF1gZi+f8FqlyAdouralcFWFQWF2+NgCHShjkCb+IFBLq9buZwE1xckQU4peSuQ==
  dependencies:
    ansi-styles "^3.2.1"
    escape-string-regexp "^1.0.5"
    supports-color "^5.3.0"

cli-boxes@^1.0.0:
  version "1.0.0"
  resolved "http://registry.qizhidao.net/cli-boxes/-/cli-boxes-1.0.0.tgz#4fa917c3e59c94a004cd61f8ee509da651687143"
  integrity sha1-T6kXw+WclKAEzWH47lCdplFocUM=

clipboardy@1.2.3:
  version "1.2.3"
  resolved "http://registry.qizhidao.net/clipboardy/-/clipboardy-1.2.3.tgz#0526361bf78724c1f20be248d428e365433c07ef"
  integrity sha1-BSY2G/eHJMHyC+JI1CjjZUM8B+8=
  dependencies:
    arch "^2.1.0"
    execa "^0.8.0"

cliui@^2.1.0:
  version "2.1.0"
  resolved "http://registry.qizhidao.net/cliui/-/cliui-2.1.0.tgz#4b475760ff80264c762c3a1719032e91c7fea0d1"
  integrity sha1-S0dXYP+AJkx2LDoXGQMukcf+oNE=
  dependencies:
    center-align "^0.1.1"
    right-align "^0.1.1"
    wordwrap "0.0.2"

color-convert@^1.9.0:
  version "1.9.3"
  resolved "http://registry.qizhidao.net/color-convert/-/color-convert-1.9.3.tgz#bb71850690e1f136567de629d2d5471deda4c1e8"
  integrity sha1-u3GFBpDh8TZWfeYp0tVHHe2kweg=
  dependencies:
    color-name "1.1.3"

color-name@1.1.3:
  version "1.1.3"
  resolved "http://registry.qizhidao.net/color-name/-/color-name-1.1.3.tgz#a7d0558bd89c42f795dd42328f740831ca53bc25"
  integrity sha1-p9BVi9icQveV3UIyj3QIMcpTvCU=

commander@2.15.1:
  version "2.15.1"
  resolved "http://registry.qizhidao.net/commander/-/commander-2.15.1.tgz#df46e867d0fc2aec66a34662b406a9ccafff5b0f"
  integrity sha1-30boZ9D8Kuxmo0ZitAapzK//Ww8=

compressible@~2.0.16:
  version "2.0.18"
  resolved "http://registry.qizhidao.net/compressible/-/compressible-2.0.18.tgz#af53cca6b070d4c3c0750fbd77286a6d7cc46fba"
  integrity sha1-r1PMprBw1MPAdQ+9dyhqbXzEb7o=
  dependencies:
    mime-db ">= 1.43.0 < 2"

compression@^1.6.2:
  version "1.7.4"
  resolved "http://registry.qizhidao.net/compression/-/compression-1.7.4.tgz#95523eff170ca57c29a0ca41e6fe131f41e5bb8f"
  integrity sha512-jaSIDzP9pZVS4ZfQ+TzvtiWhdpFhE2RDHz8QJkpX9SIpLq88VueF5jJw6t+6CUQcAoA6t+x89MLrWAqpfDE8iQ==
  dependencies:
    accepts "~1.3.5"
    bytes "3.0.0"
    compressible "~2.0.16"
    debug "2.6.9"
    on-headers "~1.0.2"
    safe-buffer "5.1.2"
    vary "~1.1.2"

concat-map@0.0.1:
  version "0.0.1"
  resolved "http://registry.qizhidao.net/concat-map/-/concat-map-0.0.1.tgz#d8a96bd77fd68df7793a73036a3ba0d5405d477b"
  integrity sha1-2Klr13/Wjfd5OnMDajug1UBdR3s=

content-type@1.0.4:
  version "1.0.4"
  resolved "http://registry.qizhidao.net/content-type/-/content-type-1.0.4.tgz#e138cc75e040c727b1966fe5e5f8c9aee256fe3b"
  integrity sha1-4TjMdeBAxyexlm/l5fjJruJW/js=

cross-spawn@^5.0.1:
  version "5.1.0"
  resolved "http://registry.qizhidao.net/cross-spawn/-/cross-spawn-5.1.0.tgz#e8bd0efee58fcff6f8f94510a0a554bbfa235449"
  integrity sha1-6L0O/uWPz/b4+UUQoKVUu/ojVEk=
  dependencies:
    lru-cache "^4.0.1"
    shebang-command "^1.2.0"
    which "^1.2.9"

dargs@5.1.0:
  version "5.1.0"
  resolved "http://registry.qizhidao.net/dargs/-/dargs-5.1.0.tgz#ec7ea50c78564cd36c9d5ec18f66329fade27829"
  integrity sha1-7H6lDHhWTNNsnV7Bj2Yyn63ieCk=

debug@2.6.9, debug@^2.6.0:
  version "2.6.9"
  resolved "http://registry.qizhidao.net/debug/-/debug-2.6.9.tgz#5d128515df134ff327e90a4c93f4e077a536341f"
  integrity sha1-XRKFFd8TT/Mn6QpMk/Tgd6U2NB8=
  dependencies:
    ms "2.0.0"

decamelize@^1.0.0:
  version "1.2.0"
  resolved "http://registry.qizhidao.net/decamelize/-/decamelize-1.2.0.tgz#f6534d15148269b20352e7bee26f501f9a191290"
  integrity sha1-9lNNFRSCabIDUue+4m9QH5oZEpA=

deep-extend@^0.6.0:
  version "0.6.0"
  resolved "http://registry.qizhidao.net/deep-extend/-/deep-extend-0.6.0.tgz#c4fa7c95404a17a9c3e8ca7e1537312b736330ac"
  integrity sha1-xPp8lUBKF6nD6Mp+FTcxK3NjMKw=

depd@1.1.1:
  version "1.1.1"
  resolved "http://registry.qizhidao.net/depd/-/depd-1.1.1.tgz#5783b4e1c459f06fa5ca27f991f3d06e7a310359"
  integrity sha1-V4O04cRZ8G+lyif5kfPQbnoxA1k=

depd@~1.1.2:
  version "1.1.2"
  resolved "http://registry.qizhidao.net/depd/-/depd-1.1.2.tgz#9bcd52e14c097763e749b274c4346ed2e560b5a9"
  integrity sha1-m81S4UwJd2PnSbJ0xDRu0uVgtak=

destroy@~1.0.4:
  version "1.0.4"
  resolved "http://registry.qizhidao.net/destroy/-/destroy-1.0.4.tgz#978857442c44749e4206613e37946205826abd80"
  integrity sha1-l4hXRCxEdJ5CBmE+N5RiBYJqvYA=

detect-port@1.2.3:
  version "1.2.3"
  resolved "http://registry.qizhidao.net/detect-port/-/detect-port-1.2.3.tgz#15bf49820d02deb84bfee0a74876b32d791bf610"
  integrity sha1-Fb9Jgg0C3rhL/uCnSHazLXkb9hA=
  dependencies:
    address "^1.0.1"
    debug "^2.6.0"

ee-first@1.1.1:
  version "1.1.1"
  resolved "http://registry.qizhidao.net/ee-first/-/ee-first-1.1.1.tgz#590c61156b0ae2f4f0255732a158b266bc56b21d"
  integrity sha1-WQxhFWsK4vTwJVcyoViyZrxWsh0=

encodeurl@~1.0.2:
  version "1.0.2"
  resolved "http://registry.qizhidao.net/encodeurl/-/encodeurl-1.0.2.tgz#ad3ff4c86ec2d029322f5a02c3a9a606c95b3f59"
  integrity sha1-rT/0yG7C0CkyL1oCw6mmBslbP1k=

escape-html@~1.0.3:
  version "1.0.3"
  resolved "http://registry.qizhidao.net/escape-html/-/escape-html-1.0.3.tgz#0258eae4d3d0c0974de1c169188ef0051d1d1988"
  integrity sha1-Aljq5NPQwJdN4cFpGI7wBR0dGYg=

escape-string-regexp@^1.0.2, escape-string-regexp@^1.0.5:
  version "1.0.5"
  resolved "http://registry.qizhidao.net/escape-string-regexp/-/escape-string-regexp-1.0.5.tgz#1b61c0562190a8dff6ae3bb2cf0200ca130b86d4"
  integrity sha1-G2HAViGQqN/2rjuyzwIAyhMLhtQ=

etag@~1.8.1:
  version "1.8.1"
  resolved "http://registry.qizhidao.net/etag/-/etag-1.8.1.tgz#41ae2eeb65efa62268aebfea83ac7d79299b0887"
  integrity sha1-Qa4u62XvpiJorr/qg6x9eSmbCIc=

execa@^0.7.0:
  version "0.7.0"
  resolved "http://registry.qizhidao.net/execa/-/execa-0.7.0.tgz#944becd34cc41ee32a63a9faf27ad5a65fc59777"
  integrity sha1-lEvs00zEHuMqY6n68nrVpl/Fl3c=
  dependencies:
    cross-spawn "^5.0.1"
    get-stream "^3.0.0"
    is-stream "^1.1.0"
    npm-run-path "^2.0.0"
    p-finally "^1.0.0"
    signal-exit "^3.0.0"
    strip-eof "^1.0.0"

execa@^0.8.0:
  version "0.8.0"
  resolved "http://registry.qizhidao.net/execa/-/execa-0.8.0.tgz#d8d76bbc1b55217ed190fd6dd49d3c774ecfc8da"
  integrity sha1-2NdrvBtVIX7RkP1t1J08d07PyNo=
  dependencies:
    cross-spawn "^5.0.1"
    get-stream "^3.0.0"
    is-stream "^1.1.0"
    npm-run-path "^2.0.0"
    p-finally "^1.0.0"
    signal-exit "^3.0.0"
    strip-eof "^1.0.0"

filename-reserved-regex@^1.0.0:
  version "1.0.0"
  resolved "http://registry.qizhidao.net/filename-reserved-regex/-/filename-reserved-regex-1.0.0.tgz#e61cf805f0de1c984567d0386dc5df50ee5af7e4"
  integrity sha1-5hz4BfDeHJhFZ9A4bcXfUO5a9+Q=

filenamify-url@^1.0.0:
  version "1.0.0"
  resolved "http://registry.qizhidao.net/filenamify-url/-/filenamify-url-1.0.0.tgz#b32bd81319ef5863b73078bed50f46a4f7975f50"
  integrity sha1-syvYExnvWGO3MHi+1Q9GpPeXX1A=
  dependencies:
    filenamify "^1.0.0"
    humanize-url "^1.0.0"

filenamify@^1.0.0:
  version "1.2.1"
  resolved "http://registry.qizhidao.net/filenamify/-/filenamify-1.2.1.tgz#a9f2ffd11c503bed300015029272378f1f1365a5"
  integrity sha1-qfL/0RxQO+0wABUCknI3jx8TZaU=
  dependencies:
    filename-reserved-regex "^1.0.0"
    strip-outer "^1.0.0"
    trim-repeated "^1.0.0"

filesize@3.6.1:
  version "3.6.1"
  resolved "http://registry.qizhidao.net/filesize/-/filesize-3.6.1.tgz#090bb3ee01b6f801a8a8be99d31710b3422bb317"
  integrity sha1-CQuz7gG2+AGoqL6Z0xcQs0Irsxc=

fresh@0.5.2:
  version "0.5.2"
  resolved "http://registry.qizhidao.net/fresh/-/fresh-0.5.2.tgz#3d8cadd90d976569fa835ab1f8e4b23a105605a7"
  integrity sha1-PYyt2Q2XZWn6g1qx+OSyOhBWBac=

fs-extra@6.0.1:
  version "6.0.1"
  resolved "http://registry.qizhidao.net/fs-extra/-/fs-extra-6.0.1.tgz#8abc128f7946e310135ddc93b98bddb410e7a34b"
  integrity sha1-irwSj3lG4xATXdyTuYvdtBDno0s=
  dependencies:
    graceful-fs "^4.1.2"
    jsonfile "^4.0.0"
    universalify "^0.1.0"

fs-extra@^5.0.0:
  version "5.0.0"
  resolved "http://registry.qizhidao.net/fs-extra/-/fs-extra-5.0.0.tgz#414d0110cdd06705734d055652c5411260c31abd"
  integrity sha1-QU0BEM3QZwVzTQVWUsVBEmDDGr0=
  dependencies:
    graceful-fs "^4.1.2"
    jsonfile "^4.0.0"
    universalify "^0.1.0"

fs.realpath@^1.0.0:
  version "1.0.0"
  resolved "http://registry.qizhidao.net/fs.realpath/-/fs.realpath-1.0.0.tgz#1504ad2523158caa40db4a2787cb01411994ea4f"
  integrity sha1-FQStJSMVjKpA20onh8sBQRmU6k8=

get-stream@^3.0.0:
  version "3.0.0"
  resolved "http://registry.qizhidao.net/get-stream/-/get-stream-3.0.0.tgz#8e943d1358dc37555054ecbe2edb05aa174ede14"
  integrity sha1-jpQ9E1jcN1VQVOy+LtsFqhdO3hQ=

gh-pages@^1.1.0:
  version "1.2.0"
  resolved "http://registry.qizhidao.net/gh-pages/-/gh-pages-1.2.0.tgz#1acb92801078f7c038a167f447221d1496ccfbee"
  integrity sha1-GsuSgBB498A4oWf0RyIdFJbM++4=
  dependencies:
    async "2.6.1"
    commander "2.15.1"
    filenamify-url "^1.0.0"
    fs-extra "^5.0.0"
    globby "^6.1.0"
    graceful-fs "4.1.11"
    rimraf "^2.6.2"

glob@^7.0.3, glob@^7.1.3:
  version "7.2.0"
  resolved "http://registry.qizhidao.net/glob/-/glob-7.2.0.tgz#d15535af7732e02e948f4c41628bd910293f6023"
  integrity sha1-0VU1r3cy4C6Uj0xBYovZECk/YCM=
  dependencies:
    fs.realpath "^1.0.0"
    inflight "^1.0.4"
    inherits "2"
    minimatch "^3.0.4"
    once "^1.3.0"
    path-is-absolute "^1.0.0"

globby@^6.1.0:
  version "6.1.0"
  resolved "http://registry.qizhidao.net/globby/-/globby-6.1.0.tgz#f5a6d70e8395e21c858fb0489d64df02424d506c"
  integrity sha1-9abXDoOV4hyFj7BInWTfAkJNUGw=
  dependencies:
    array-union "^1.0.1"
    glob "^7.0.3"
    object-assign "^4.0.1"
    pify "^2.0.0"
    pinkie-promise "^2.0.0"

graceful-fs@4.1.11:
  version "4.1.11"
  resolved "http://registry.qizhidao.net/graceful-fs/-/graceful-fs-4.1.11.tgz#0e8bdfe4d1ddb8854d64e04ea7c00e2a026e5658"
  integrity sha1-Dovf5NHduIVNZOBOp8AOKgJuVlg=

graceful-fs@^4.1.2, graceful-fs@^4.1.6:
  version "4.2.9"
  resolved "http://registry.qizhidao.net/graceful-fs/-/graceful-fs-4.2.9.tgz#041b05df45755e587a24942279b9d113146e1c96"
  integrity sha512-NtNxqUcXgpW2iMrfqSfR73Glt39K+BLwWsPs94yR63v45T0Wbej7eRmL5cWfwEgqXnmjQp3zaJTshdRW/qC2ZQ==

handlebars@4.0.11:
  version "4.0.11"
  resolved "http://registry.qizhidao.net/handlebars/-/handlebars-4.0.11.tgz#630a35dfe0294bc281edae6ffc5d329fc7982dcc"
  integrity sha1-Ywo13+ApS8KB7a5v/F0yn8eYLcw=
  dependencies:
    async "^1.4.0"
    optimist "^0.6.1"
    source-map "^0.4.4"
  optionalDependencies:
    uglify-js "^2.6"

has-flag@^3.0.0:
  version "3.0.0"
  resolved "http://registry.qizhidao.net/has-flag/-/has-flag-3.0.0.tgz#b5d454dc2199ae225699f3467e5a07f3b955bafd"
  integrity sha1-tdRU3CGZriJWmfNGfloH87lVuv0=

http-errors@1.6.2:
  version "1.6.2"
  resolved "http://registry.qizhidao.net/http-errors/-/http-errors-1.6.2.tgz#0a002cc85707192a7e7946ceedc11155f60ec736"
  integrity sha1-CgAsyFcHGSp+eUbO7cERVfYOxzY=
  dependencies:
    depd "1.1.1"
    inherits "2.0.3"
    setprototypeof "1.0.3"
    statuses ">= 1.3.1 < 2"

http-errors@~1.6.2:
  version "1.6.3"
  resolved "http://registry.qizhidao.net/http-errors/-/http-errors-1.6.3.tgz#8b55680bb4be283a0b5bf4ea2e38580be1d9320d"
  integrity sha1-i1VoC7S+KDoLW/TqLjhYC+HZMg0=
  dependencies:
    depd "~1.1.2"
    inherits "2.0.3"
    setprototypeof "1.1.0"
    statuses ">= 1.4.0 < 2"

humanize-url@^1.0.0:
  version "1.0.1"
  resolved "http://registry.qizhidao.net/humanize-url/-/humanize-url-1.0.1.tgz#f4ab99e0d288174ca4e1e50407c55fbae464efff"
  integrity sha1-9KuZ4NKIF0yk4eUEB8VfuuRk7/8=
  dependencies:
    normalize-url "^1.0.0"
    strip-url-auth "^1.0.0"

iconv-lite@0.4.19:
  version "0.4.19"
  resolved "http://registry.qizhidao.net/iconv-lite/-/iconv-lite-0.4.19.tgz#f7468f60135f5e5dad3399c0a81be9a1603a082b"
  integrity sha1-90aPYBNfXl2tM5nAqBvpoWA6CCs=

inflight@^1.0.4:
  version "1.0.6"
  resolved "http://registry.qizhidao.net/inflight/-/inflight-1.0.6.tgz#49bd6331d7d02d0c09bc910a1075ba8165b56df9"
  integrity sha1-Sb1jMdfQLQwJvJEKEHW6gWW1bfk=
  dependencies:
    once "^1.3.0"
    wrappy "1"

inherits@2:
  version "2.0.4"
  resolved "http://registry.qizhidao.net/inherits/-/inherits-2.0.4.tgz#0fa2c64f932917c3433a0ded55363aae37416b7c"
  integrity sha1-D6LGT5MpF8NDOg3tVTY6rjdBa3w=

inherits@2.0.3:
  version "2.0.3"
  resolved "http://registry.qizhidao.net/inherits/-/inherits-2.0.3.tgz#633c2c83e3da42a502f52466022480f4208261de"
  integrity sha1-Yzwsg+PaQqUC9SRmAiSA9CCCYd4=

ini@~1.3.0:
  version "1.3.8"
  resolved "http://registry.qizhidao.net/ini/-/ini-1.3.8.tgz#a29da425b48806f34767a4efce397269af28432c"
  integrity sha1-op2kJbSIBvNHZ6Tvzjlyaa8oQyw=

ip@1.1.5:
  version "1.1.5"
  resolved "http://registry.qizhidao.net/ip/-/ip-1.1.5.tgz#bdded70114290828c0a039e72ef25f5aaec4354a"
  integrity sha1-vd7XARQpCCjAoDnnLvJfWq7ENUo=

is-buffer@^1.1.5:
  version "1.1.6"
  resolved "http://registry.qizhidao.net/is-buffer/-/is-buffer-1.1.6.tgz#efaa2ea9daa0d7ab2ea13a97b2b8ad51fefbe8be"
  integrity sha1-76ouqdqg16suoTqXsritUf776L4=

is-fullwidth-code-point@^2.0.0:
  version "2.0.0"
  resolved "http://registry.qizhidao.net/is-fullwidth-code-point/-/is-fullwidth-code-point-2.0.0.tgz#a3b30a5c4f199183167aaab93beefae3ddfb654f"
  integrity sha1-o7MKXE8ZkYMWeqq5O+764937ZU8=

is-plain-obj@^1.0.0:
  version "1.1.0"
  resolved "http://registry.qizhidao.net/is-plain-obj/-/is-plain-obj-1.1.0.tgz#71a50c8429dfca773c92a390a4a03b39fcd51d3e"
  integrity sha1-caUMhCnfync8kqOQpKA7OfzVHT4=

is-stream@1.1.0, is-stream@^1.1.0:
  version "1.1.0"
  resolved "http://registry.qizhidao.net/is-stream/-/is-stream-1.1.0.tgz#12d4a3dd4e68e0b79ceb8dbc84173ae80d91ca44"
  integrity sha1-EtSj3U5o4Lec6428hBc66A2RykQ=

is-wsl@^1.1.0:
  version "1.1.0"
  resolved "http://registry.qizhidao.net/is-wsl/-/is-wsl-1.1.0.tgz#1f16e4aa22b04d1336b66188a66af3c600c3a66d"
  integrity sha1-HxbkqiKwTRM2tmGIpmrzxgDDpm0=

isexe@^2.0.0:
  version "2.0.0"
  resolved "http://registry.qizhidao.net/isexe/-/isexe-2.0.0.tgz#e8fbf374dc556ff8947a10dcb0572d633f2cfa10"
  integrity sha1-6PvzdNxVb/iUehDcsFctYz8s+hA=

jsonfile@^4.0.0:
  version "4.0.0"
  resolved "http://registry.qizhidao.net/jsonfile/-/jsonfile-4.0.0.tgz#8771aae0799b64076b76640fca058f9c10e33ecb"
  integrity sha1-h3Gq4HmbZAdrdmQPygWPnBDjPss=
  optionalDependencies:
    graceful-fs "^4.1.6"

kind-of@^3.0.2:
  version "3.2.2"
  resolved "http://registry.qizhidao.net/kind-of/-/kind-of-3.2.2.tgz#31ea21a734bab9bbb0f32466d893aea51e4a3c64"
  integrity sha1-MeohpzS6ubuw8yRm2JOupR5KPGQ=
  dependencies:
    is-buffer "^1.1.5"

lazy-cache@^1.0.3:
  version "1.0.4"
  resolved "http://registry.qizhidao.net/lazy-cache/-/lazy-cache-1.0.4.tgz#a1d78fc3a50474cb80845d3b3b6e1da49a446e8e"
  integrity sha1-odePw6UEdMuAhF07O24dpJpEbo4=

leven@2.1.0:
  version "2.1.0"
  resolved "http://registry.qizhidao.net/leven/-/leven-2.1.0.tgz#c2e7a9f772094dee9d34202ae8acce4687875580"
  integrity sha1-wuep93IJTe6dNCAq6KzORoeHVYA=

lodash@^4.17.10:
  version "4.17.21"
  resolved "http://registry.qizhidao.net/lodash/-/lodash-4.17.21.tgz#679591c564c3bffaae8454cf0b3df370c3d6911c"
  integrity sha1-Z5WRxWTDv/quhFTPCz3zcMPWkRw=

longest@^1.0.1:
  version "1.0.1"
  resolved "http://registry.qizhidao.net/longest/-/longest-1.0.1.tgz#30a0b2da38f73770e8294a0d22e6625ed77d0097"
  integrity sha1-MKCy2jj3N3DoKUoNIuZiXtd9AJc=

lru-cache@^4.0.1:
  version "4.1.5"
  resolved "http://registry.qizhidao.net/lru-cache/-/lru-cache-4.1.5.tgz#8bbe50ea85bed59bc9e33dcab8235ee9bcf443cd"
  integrity sha1-i75Q6oW+1ZvJ4z3KuCNe6bz0Q80=
  dependencies:
    pseudomap "^1.0.2"
    yallist "^2.1.2"

micro-compress@1.0.0:
  version "1.0.0"
  resolved "http://registry.qizhidao.net/micro-compress/-/micro-compress-1.0.0.tgz#53f5a80b4ad0320ca165a559b6e3df145d4f704f"
  integrity sha512-1XM/LoxpfCq9mOgtuT5vwumSGXgCziaT+pZPT1o5Jx9CDc0o6YPma6ACyPuLjchnyi8o80AON7EAw5ZnKQLQyQ==
  dependencies:
    compression "^1.6.2"

micro@9.3.1:
  version "9.3.1"
  resolved "http://registry.qizhidao.net/micro/-/micro-9.3.1.tgz#0c37eba0171554b1beccda5215ff8ea4e7aa59d6"
  integrity sha512-83uimpPJqfwkfKvJl2WWontBlV3hmzrIgyJ+L2uhDXKNk7Ll+/ezK3zBz7TljubpKPqjM0JdT2Ker4MTPmhjgA==
  dependencies:
    arg "2.0.0"
    chalk "2.4.0"
    content-type "1.0.4"
    is-stream "1.1.0"
    raw-body "2.3.2"

mime-db@1.51.0:
  version "1.51.0"
  resolved "http://registry.qizhidao.net/mime-db/-/mime-db-1.51.0.tgz#d9ff62451859b18342d960850dc3cfb77e63fb0c"
  integrity sha1-2f9iRRhZsYNC2WCFDcPPt35j+ww=

"mime-db@>= 1.43.0 < 2":
  version "1.52.0"
  resolved "http://registry.qizhidao.net/mime-db/-/mime-db-1.52.0.tgz#bbabcdc02859f4987301c856e3387ce5ec43bf70"
  integrity sha512-sPU4uV7dYlvtWJxwwxHD0PuihVNiE7TyAbQ5SWxDCB9mUYvOgroQOwYQQOKPJ8CIbE+1ETVlOoK1UC2nU3gYvg==

mime-db@~1.33.0:
  version "1.33.0"
  resolved "http://registry.qizhidao.net/mime-db/-/mime-db-1.33.0.tgz#a3492050a5cb9b63450541e39d9788d2272783db"
  integrity sha1-o0kgUKXLm2NFBUHjnZeI0icng9s=

mime-types@2.1.18:
  version "2.1.18"
  resolved "http://registry.qizhidao.net/mime-types/-/mime-types-2.1.18.tgz#6f323f60a83d11146f831ff11fd66e2fe5503bb8"
  integrity sha1-bzI/YKg9ERRvgx/xH9ZuL+VQO7g=
  dependencies:
    mime-db "~1.33.0"

mime-types@~2.1.34:
  version "2.1.34"
  resolved "http://registry.qizhidao.net/mime-types/-/mime-types-2.1.34.tgz#5a712f9ec1503511a945803640fafe09d3793c24"
  integrity sha1-WnEvnsFQNRGpRYA2QPr+CdN5PCQ=
  dependencies:
    mime-db "1.51.0"

mime@1.4.1:
  version "1.4.1"
  resolved "http://registry.qizhidao.net/mime/-/mime-1.4.1.tgz#121f9ebc49e3766f311a76e1fa1c8003c4b03aa6"
  integrity sha1-Eh+evEnjdm8xGnbh+hyAA8SwOqY=

minimatch@^3.0.4:
  version "3.1.2"
  resolved "http://registry.qizhidao.net/minimatch/-/minimatch-3.1.2.tgz#19cd194bfd3e428f049a70817c038d89ab4be35b"
  integrity sha512-J7p63hRiAjw1NDEww1W7i37+ByIrOWO5XQQAzZ3VOcL0PNybwpfmV/N05zFAzwQ9USyEcX6t3UO+K5aqBQOIHw==
  dependencies:
    brace-expansion "^1.1.7"

minimist@^1.2.0:
  version "1.2.5"
  resolved "http://registry.qizhidao.net/minimist/-/minimist-1.2.5.tgz#67d66014b66a6a8aaa0c083c5fd58df4e4e97602"
  integrity sha1-Z9ZgFLZqaoqqDAg8X9WN9OTpdgI=

minimist@~0.0.1:
  version "0.0.10"
  resolved "http://registry.qizhidao.net/minimist/-/minimist-0.0.10.tgz#de3f98543dbf96082be48ad1a0c7cda836301dcf"
  integrity sha1-3j+YVD2/lggr5IrRoMfNqDYwHc8=

mri@1.1.0:
  version "1.1.0"
  resolved "http://registry.qizhidao.net/mri/-/mri-1.1.0.tgz#5c0a3f29c8ccffbbb1ec941dcec09d71fa32f36a"
  integrity sha1-XAo/KcjM/7ux7JQdzsCdcfoy82o=

ms@2.0.0:
  version "2.0.0"
  resolved "http://registry.qizhidao.net/ms/-/ms-2.0.0.tgz#5608aeadfc00be6c2901df5f9861788de0d597c8"
  integrity sha1-VgiurfwAvmwpAd9fmGF4jeDVl8g=

negotiator@0.6.3:
  version "0.6.3"
  resolved "http://registry.qizhidao.net/negotiator/-/negotiator-0.6.3.tgz#58e323a72fedc0d6f9cd4d31fe49f51479590ccd"
  integrity sha512-+EUsqGPLsM+j/zdChZjsnX51g4XrHFOIXwfnCVPGlQk/k5giakcKsuxCObBRu6DSm9opw/O6slWbJdghQM4bBg==

node-version@1.1.3:
  version "1.1.3"
  resolved "http://registry.qizhidao.net/node-version/-/node-version-1.1.3.tgz#1081c87cce6d2dbbd61d0e51e28c287782678496"
  integrity sha512-rEwE51JWn0yN3Wl5BXeGn5d52OGbSXzWiiXRjAQeuyvcGKyvuSILW2rb3G7Xh+nexzLwhTpek6Ehxd6IjvHePg==

normalize-url@^1.0.0:
  version "1.9.1"
  resolved "http://registry.qizhidao.net/normalize-url/-/normalize-url-1.9.1.tgz#2cc0d66b31ea23036458436e3620d85954c66c3c"
  integrity sha1-LMDWazHqIwNkWENuNiDYWVTGbDw=
  dependencies:
    object-assign "^4.0.1"
    prepend-http "^1.0.0"
    query-string "^4.1.0"
    sort-keys "^1.0.0"

npm-run-path@^2.0.0:
  version "2.0.2"
  resolved "http://registry.qizhidao.net/npm-run-path/-/npm-run-path-2.0.2.tgz#35a9232dfa35d7067b4cb2ddf2357b1871536c5f"
  integrity sha1-NakjLfo11wZ7TLLd8jV7GHFTbF8=
  dependencies:
    path-key "^2.0.0"

object-assign@^4.0.1, object-assign@^4.1.0:
  version "4.1.1"
  resolved "http://registry.qizhidao.net/object-assign/-/object-assign-4.1.1.tgz#2109adc7965887cfc05cbbd442cac8bfbb360863"
  integrity sha1-IQmtx5ZYh8/AXLvUQsrIv7s2CGM=

on-finished@~2.3.0:
  version "2.3.0"
  resolved "http://registry.qizhidao.net/on-finished/-/on-finished-2.3.0.tgz#20f1336481b083cd75337992a16971aa2d906947"
  integrity sha1-IPEzZIGwg811M3mSoWlxqi2QaUc=
  dependencies:
    ee-first "1.1.1"

on-headers@~1.0.2:
  version "1.0.2"
  resolved "http://registry.qizhidao.net/on-headers/-/on-headers-1.0.2.tgz#772b0ae6aaa525c399e489adfad90c403eb3c28f"
  integrity sha1-dysK5qqlJcOZ5Imt+tkMQD6zwo8=

once@^1.3.0:
  version "1.4.0"
  resolved "http://registry.qizhidao.net/once/-/once-1.4.0.tgz#583b1aa775961d4b113ac17d9c50baef9dd76bd1"
  integrity sha1-WDsap3WWHUsROsF9nFC6753Xa9E=
  dependencies:
    wrappy "1"

openssl-self-signed-certificate@1.1.6:
  version "1.1.6"
  resolved "http://registry.qizhidao.net/openssl-self-signed-certificate/-/openssl-self-signed-certificate-1.1.6.tgz#9d3a4776b1a57e9847350392114ad2f915a83dd4"
  integrity sha512-OJpqrdIYir5DznRSChodZqvpOx2fsT6sNA4PD9kYOMkIPgjfNYTWDzgac0drm+ZR0yI5Un7tE8bsmP1nZpx23Q==

opn@5.3.0:
  version "5.3.0"
  resolved "http://registry.qizhidao.net/opn/-/opn-5.3.0.tgz#64871565c863875f052cfdf53d3e3cb5adb53b1c"
  integrity sha1-ZIcVZchjh18FLP31PT48ta21Oxw=
  dependencies:
    is-wsl "^1.1.0"

optimist@^0.6.1:
  version "0.6.1"
  resolved "http://registry.qizhidao.net/optimist/-/optimist-0.6.1.tgz#da3ea74686fa21a19a111c326e90eb15a0196686"
  integrity sha1-2j6nRob6IaGaERwybpDrFaAZZoY=
  dependencies:
    minimist "~0.0.1"
    wordwrap "~0.0.2"

p-finally@^1.0.0:
  version "1.0.0"
  resolved "http://registry.qizhidao.net/p-finally/-/p-finally-1.0.0.tgz#3fbcfb15b899a44123b34b6dcc18b724336a2cae"
  integrity sha1-P7z7FbiZpEEjs0ttzBi3JDNqLK4=

path-is-absolute@^1.0.0:
  version "1.0.1"
  resolved "http://registry.qizhidao.net/path-is-absolute/-/path-is-absolute-1.0.1.tgz#174b9268735534ffbc7ace6bf53a5a9e1b5c5f5f"
  integrity sha1-F0uSaHNVNP+8es5r9TpanhtcX18=

path-is-inside@1.0.2:
  version "1.0.2"
  resolved "http://registry.qizhidao.net/path-is-inside/-/path-is-inside-1.0.2.tgz#365417dede44430d1c11af61027facf074bdfc53"
  integrity sha1-NlQX3t5EQw0cEa9hAn+s8HS9/FM=

path-key@^2.0.0:
  version "2.0.1"
  resolved "http://registry.qizhidao.net/path-key/-/path-key-2.0.1.tgz#411cadb574c5a140d3a4b1910d40d80cc9f40b40"
  integrity sha1-QRyttXTFoUDTpLGRDUDYDMn0C0A=

path-type@3.0.0:
  version "3.0.0"
  resolved "http://registry.qizhidao.net/path-type/-/path-type-3.0.0.tgz#cef31dc8e0a1a3bb0d105c0cd97cf3bf47f4e36f"
  integrity sha1-zvMdyOCho7sNEFwM2Xzzv0f0428=
  dependencies:
    pify "^3.0.0"

pify@^2.0.0:
  version "2.3.0"
  resolved "http://registry.qizhidao.net/pify/-/pify-2.3.0.tgz#ed141a6ac043a849ea588498e7dca8b15330e90c"
  integrity sha1-7RQaasBDqEnqWISY59yosVMw6Qw=

pify@^3.0.0:
  version "3.0.0"
  resolved "http://registry.qizhidao.net/pify/-/pify-3.0.0.tgz#e5a4acd2c101fdf3d9a4d07f0dbc4db49dd28176"
  integrity sha1-5aSs0sEB/fPZpNB/DbxNtJ3SgXY=

pinkie-promise@^2.0.0:
  version "2.0.1"
  resolved "http://registry.qizhidao.net/pinkie-promise/-/pinkie-promise-2.0.1.tgz#2135d6dfa7a358c069ac9b178776288228450ffa"
  integrity sha1-ITXW36ejWMBprJsXh3YogihFD/o=
  dependencies:
    pinkie "^2.0.0"

pinkie@^2.0.0:
  version "2.0.4"
  resolved "http://registry.qizhidao.net/pinkie/-/pinkie-2.0.4.tgz#72556b80cfa0d48a974e80e77248e80ed4f7f870"
  integrity sha1-clVrgM+g1IqXToDnckjoDtT3+HA=

prepend-http@^1.0.0:
  version "1.0.4"
  resolved "http://registry.qizhidao.net/prepend-http/-/prepend-http-1.0.4.tgz#d4f4562b0ce3696e41ac52d0e002e57a635dc6dc"
  integrity sha1-1PRWKwzjaW5BrFLQ4ALlemNdxtw=

pseudomap@^1.0.2:
  version "1.0.2"
  resolved "http://registry.qizhidao.net/pseudomap/-/pseudomap-1.0.2.tgz#f052a28da70e618917ef0a8ac34c1ae5a68286b3"
  integrity sha1-8FKijacOYYkX7wqKw0wa5aaChrM=

query-string@^4.1.0:
  version "4.3.4"
  resolved "http://registry.qizhidao.net/query-string/-/query-string-4.3.4.tgz#bbb693b9ca915c232515b228b1a02b609043dbeb"
  integrity sha1-u7aTucqRXCMlFbIosaArYJBD2+s=
  dependencies:
    object-assign "^4.1.0"
    strict-uri-encode "^1.0.0"

range-parser@~1.2.0:
  version "1.2.1"
  resolved "http://registry.qizhidao.net/range-parser/-/range-parser-1.2.1.tgz#3cf37023d199e1c24d1a55b84800c2f3e6468031"
  integrity sha1-PPNwI9GZ4cJNGlW4SADC8+ZGgDE=

raw-body@2.3.2:
  version "2.3.2"
  resolved "http://registry.qizhidao.net/raw-body/-/raw-body-2.3.2.tgz#bcd60c77d3eb93cde0050295c3f379389bc88f89"
  integrity sha1-vNYMd9Prk83gBQKVw/N5OJvIj4k=
  dependencies:
    bytes "3.0.0"
    http-errors "1.6.2"
    iconv-lite "0.4.19"
    unpipe "1.0.0"

rc@^1.0.1, rc@^1.1.6:
  version "1.2.8"
  resolved "http://registry.qizhidao.net/rc/-/rc-1.2.8.tgz#cd924bf5200a075b83c188cd6b9e211b7fc0d3ed"
  integrity sha1-zZJL9SAKB1uDwYjNa54hG3/A0+0=
  dependencies:
    deep-extend "^0.6.0"
    ini "~1.3.0"
    minimist "^1.2.0"
    strip-json-comments "~2.0.1"

registry-auth-token@3.3.2:
  version "3.3.2"
  resolved "http://registry.qizhidao.net/registry-auth-token/-/registry-auth-token-3.3.2.tgz#851fd49038eecb586911115af845260eec983f20"
  integrity sha1-hR/UkDjuy1hpERFa+EUmDuyYPyA=
  dependencies:
    rc "^1.1.6"
    safe-buffer "^5.0.1"

registry-url@3.1.0:
  version "3.1.0"
  resolved "http://registry.qizhidao.net/registry-url/-/registry-url-3.1.0.tgz#3d4ef870f73dde1d77f0cf9a381432444e174942"
  integrity sha1-PU74cPc93h138M+aOBQyRE4XSUI=
  dependencies:
    rc "^1.0.1"

repeat-string@^1.5.2:
  version "1.6.1"
  resolved "http://registry.qizhidao.net/repeat-string/-/repeat-string-1.6.1.tgz#8dcae470e1c88abc2d600fff4a776286da75e637"
  integrity sha1-jcrkcOHIirwtYA//Sndihtp15jc=

right-align@^0.1.1:
  version "0.1.3"
  resolved "http://registry.qizhidao.net/right-align/-/right-align-0.1.3.tgz#61339b722fe6a3515689210d24e14c96148613ef"
  integrity sha1-YTObci/mo1FWiSENJOFMlhSGE+8=
  dependencies:
    align-text "^0.1.1"

rimraf@^2.6.2:
  version "2.7.1"
  resolved "http://registry.qizhidao.net/rimraf/-/rimraf-2.7.1.tgz#35797f13a7fdadc566142c29d4f07ccad483e3ec"
  integrity sha1-NXl/E6f9rcVmFCwp1PB8ytSD4+w=
  dependencies:
    glob "^7.1.3"

safe-buffer@5.1.1:
  version "5.1.1"
  resolved "http://registry.qizhidao.net/safe-buffer/-/safe-buffer-5.1.1.tgz#893312af69b2123def71f57889001671eeb2c853"
  integrity sha1-iTMSr2myEj3vcfV4iQAWce6yyFM=

safe-buffer@5.1.2:
  version "5.1.2"
  resolved "http://registry.qizhidao.net/safe-buffer/-/safe-buffer-5.1.2.tgz#991ec69d296e0313747d59bdfd2b745c35f8828d"
  integrity sha1-mR7GnSluAxN0fVm9/St0XDX4go0=

safe-buffer@^5.0.1:
  version "5.2.1"
  resolved "http://registry.qizhidao.net/safe-buffer/-/safe-buffer-5.2.1.tgz#1eaf9fa9bdb1fdd4ec75f58f9cdb4e6b7827eec6"
  integrity sha1-Hq+fqb2x/dTsdfWPnNtOa3gn7sY=

send@0.16.2:
  version "0.16.2"
  resolved "http://registry.qizhidao.net/send/-/send-0.16.2.tgz#6ecca1e0f8c156d141597559848df64730a6bbc1"
  integrity sha1-bsyh4PjBVtFBWXVZhI32RzCmu8E=
  dependencies:
    debug "2.6.9"
    depd "~1.1.2"
    destroy "~1.0.4"
    encodeurl "~1.0.2"
    escape-html "~1.0.3"
    etag "~1.8.1"
    fresh "0.5.2"
    http-errors "~1.6.2"
    mime "1.4.1"
    ms "2.0.0"
    on-finished "~2.3.0"
    range-parser "~1.2.0"
    statuses "~1.4.0"

serve@^6.5.3:
  version "6.5.8"
  resolved "http://registry.qizhidao.net/serve/-/serve-6.5.8.tgz#fd7ad6b9c10ba12084053030cc1a8b636c0a10a7"
  integrity sha1-/XrWucELoSCEBTAwzBqLY2wKEKc=
  dependencies:
    args "4.0.0"
    basic-auth "2.0.0"
    bluebird "3.5.1"
    boxen "1.3.0"
    chalk "2.4.1"
    clipboardy "1.2.3"
    dargs "5.1.0"
    detect-port "1.2.3"
    filesize "3.6.1"
    fs-extra "6.0.1"
    handlebars "4.0.11"
    ip "1.1.5"
    micro "9.3.1"
    micro-compress "1.0.0"
    mime-types "2.1.18"
    node-version "1.1.3"
    openssl-self-signed-certificate "1.1.6"
    opn "5.3.0"
    path-is-inside "1.0.2"
    path-type "3.0.0"
    send "0.16.2"
    update-check "1.5.1"

setprototypeof@1.0.3:
  version "1.0.3"
  resolved "http://registry.qizhidao.net/setprototypeof/-/setprototypeof-1.0.3.tgz#66567e37043eeb4f04d91bd658c0cbefb55b8e04"
  integrity sha1-ZlZ+NwQ+608E2RvWWMDL77VbjgQ=

setprototypeof@1.1.0:
  version "1.1.0"
  resolved "http://registry.qizhidao.net/setprototypeof/-/setprototypeof-1.1.0.tgz#d0bd85536887b6fe7c0d818cb962d9d91c54e656"
  integrity sha1-0L2FU2iHtv58DYGMuWLZ2RxU5lY=

shebang-command@^1.2.0:
  version "1.2.0"
  resolved "http://registry.qizhidao.net/shebang-command/-/shebang-command-1.2.0.tgz#44aac65b695b03398968c39f363fee5deafdf1ea"
  integrity sha1-RKrGW2lbAzmJaMOfNj/uXer98eo=
  dependencies:
    shebang-regex "^1.0.0"

shebang-regex@^1.0.0:
  version "1.0.0"
  resolved "http://registry.qizhidao.net/shebang-regex/-/shebang-regex-1.0.0.tgz#da42f49740c0b42db2ca9728571cb190c98efea3"
  integrity sha1-2kL0l0DAtC2yypcoVxyxkMmO/qM=

signal-exit@^3.0.0:
  version "3.0.7"
  resolved "http://registry.qizhidao.net/signal-exit/-/signal-exit-3.0.7.tgz#a9a1767f8af84155114eaabd73f99273c8f59ad9"
  integrity sha512-wnD2ZE+l+SPC/uoS0vXeE9L1+0wuaMqKlfz9AMUo38JsyLSBWSFcHR1Rri62LZc12vLr1gb3jl7iwQhgwpAbGQ==

sort-keys@^1.0.0:
  version "1.1.2"
  resolved "http://registry.qizhidao.net/sort-keys/-/sort-keys-1.1.2.tgz#441b6d4d346798f1b4e49e8920adfba0e543f9ad"
  integrity sha1-RBttTTRnmPG05J6JIK37oOVD+a0=
  dependencies:
    is-plain-obj "^1.0.0"

source-map@^0.4.4:
  version "0.4.4"
  resolved "http://registry.qizhidao.net/source-map/-/source-map-0.4.4.tgz#eba4f5da9c0dc999de68032d8b4f76173652036b"
  integrity sha1-66T12pwNyZneaAMti092FzZSA2s=
  dependencies:
    amdefine ">=0.0.4"

source-map@~0.5.1:
  version "0.5.7"
  resolved "http://registry.qizhidao.net/source-map/-/source-map-0.5.7.tgz#8a039d2d1021d22d1ea14c80d8ea468ba2ef3fcc"
  integrity sha1-igOdLRAh0i0eoUyA2OpGi6LvP8w=

"statuses@>= 1.3.1 < 2", "statuses@>= 1.4.0 < 2":
  version "1.5.0"
  resolved "http://registry.qizhidao.net/statuses/-/statuses-1.5.0.tgz#161c7dac177659fd9811f43771fa99381478628c"
  integrity sha1-Fhx9rBd2Wf2YEfQ3cfqZOBR4Yow=

statuses@~1.4.0:
  version "1.4.0"
  resolved "http://registry.qizhidao.net/statuses/-/statuses-1.4.0.tgz#bb73d446da2796106efcc1b601a253d6c46bd087"
  integrity sha1-u3PURtonlhBu/MG2AaJT1sRr0Ic=

strict-uri-encode@^1.0.0:
  version "1.1.0"
  resolved "http://registry.qizhidao.net/strict-uri-encode/-/strict-uri-encode-1.1.0.tgz#279b225df1d582b1f54e65addd4352e18faa0713"
  integrity sha1-J5siXfHVgrH1TmWt3UNS4Y+qBxM=

string-width@^2.0.0, string-width@^2.1.1:
  version "2.1.1"
  resolved "http://registry.qizhidao.net/string-width/-/string-width-2.1.1.tgz#ab93f27a8dc13d28cac815c462143a6d9012ae9e"
  integrity sha1-q5Pyeo3BPSjKyBXEYhQ6bZASrp4=
  dependencies:
    is-fullwidth-code-point "^2.0.0"
    strip-ansi "^4.0.0"

strip-ansi@^4.0.0:
  version "4.0.0"
  resolved "http://registry.qizhidao.net/strip-ansi/-/strip-ansi-4.0.0.tgz#a8479022eb1ac368a871389b635262c505ee368f"
  integrity sha1-qEeQIusaw2iocTibY1JixQXuNo8=
  dependencies:
    ansi-regex "^3.0.0"

strip-eof@^1.0.0:
  version "1.0.0"
  resolved "http://registry.qizhidao.net/strip-eof/-/strip-eof-1.0.0.tgz#bb43ff5598a6eb05d89b59fcd129c983313606bf"
  integrity sha1-u0P/VZim6wXYm1n80SnJgzE2Br8=

strip-json-comments@~2.0.1:
  version "2.0.1"
  resolved "http://registry.qizhidao.net/strip-json-comments/-/strip-json-comments-2.0.1.tgz#3c531942e908c2697c0ec344858c286c7ca0a60a"
  integrity sha1-PFMZQukIwml8DsNEhYwobHygpgo=

strip-outer@^1.0.0:
  version "1.0.1"
  resolved "http://registry.qizhidao.net/strip-outer/-/strip-outer-1.0.1.tgz#b2fd2abf6604b9d1e6013057195df836b8a9d631"
  integrity sha1-sv0qv2YEudHmATBXGV34Nrip1jE=
  dependencies:
    escape-string-regexp "^1.0.2"

strip-url-auth@^1.0.0:
  version "1.0.1"
  resolved "http://registry.qizhidao.net/strip-url-auth/-/strip-url-auth-1.0.1.tgz#22b0fa3a41385b33be3f331551bbb837fa0cd7ae"
  integrity sha1-IrD6OkE4WzO+PzMVUbu4N/oM164=

supports-color@^5.3.0:
  version "5.5.0"
  resolved "http://registry.qizhidao.net/supports-color/-/supports-color-5.5.0.tgz#e2e69a44ac8772f78a1ec0b35b689df6530efc8f"
  integrity sha1-4uaaRKyHcveKHsCzW2id9lMO/I8=
  dependencies:
    has-flag "^3.0.0"

term-size@^1.2.0:
  version "1.2.0"
  resolved "http://registry.qizhidao.net/term-size/-/term-size-1.2.0.tgz#458b83887f288fc56d6fffbfad262e26638efa69"
  integrity sha1-RYuDiH8oj8Vtb/+/rSYuJmOO+mk=
  dependencies:
    execa "^0.7.0"

trim-repeated@^1.0.0:
  version "1.0.0"
  resolved "http://registry.qizhidao.net/trim-repeated/-/trim-repeated-1.0.0.tgz#e3646a2ea4e891312bf7eace6cfb05380bc01c21"
  integrity sha1-42RqLqTokTEr9+rObPsFOAvAHCE=
  dependencies:
    escape-string-regexp "^1.0.2"

uglify-js@^2.6:
  version "2.8.29"
  resolved "http://registry.qizhidao.net/uglify-js/-/uglify-js-2.8.29.tgz#29c5733148057bb4e1f75df35b7a9cb72e6a59dd"
  integrity sha1-KcVzMUgFe7Th913zW3qcty5qWd0=
  dependencies:
    source-map "~0.5.1"
    yargs "~3.10.0"
  optionalDependencies:
    uglify-to-browserify "~1.0.0"

uglify-to-browserify@~1.0.0:
  version "1.0.2"
  resolved "http://registry.qizhidao.net/uglify-to-browserify/-/uglify-to-browserify-1.0.2.tgz#6e0924d6bda6b5afe349e39a6d632850a0f882b7"
  integrity sha1-bgkk1r2mta/jSeOabWMoUKD4grc=

universalify@^0.1.0:
  version "0.1.2"
  resolved "http://registry.qizhidao.net/universalify/-/universalify-0.1.2.tgz#b646f69be3942dabcecc9d6639c80dc105efaa66"
  integrity sha1-tkb2m+OULavOzJ1mOcgNwQXvqmY=

unpipe@1.0.0:
  version "1.0.0"
  resolved "http://registry.qizhidao.net/unpipe/-/unpipe-1.0.0.tgz#b2bf4ee8514aae6165b4817829d21b2ef49904ec"
  integrity sha1-sr9O6FFKrmFltIF4KdIbLvSZBOw=

update-check@1.5.1:
  version "1.5.1"
  resolved "http://registry.qizhidao.net/update-check/-/update-check-1.5.1.tgz#24fc52266273cb8684d2f1bf9687c0e52dcf709f"
  integrity sha512-M3rjq5KwSrWZrm2GVPIQIF+NXpIn5I9mIV67gGoydptQvzRjLp9ZbM6ctFJeNuaWSm5+mNP7aInELjSiLcIw6A==
  dependencies:
    registry-auth-token "3.3.2"
    registry-url "3.1.0"

vary@~1.1.2:
  version "1.1.2"
  resolved "http://registry.qizhidao.net/vary/-/vary-1.1.2.tgz#2299f02c6ded30d4a5961b0b9f74524a18f634fc"
  integrity sha1-IpnwLG3tMNSllhsLn3RSShj2NPw=

which@^1.2.9:
  version "1.3.1"
  resolved "http://registry.qizhidao.net/which/-/which-1.3.1.tgz#a45043d54f5805316da8d62f9f50918d3da70b0a"
  integrity sha1-pFBD1U9YBTFtqNYvn1CRjT2nCwo=
  dependencies:
    isexe "^2.0.0"

widest-line@^2.0.0:
  version "2.0.1"
  resolved "http://registry.qizhidao.net/widest-line/-/widest-line-2.0.1.tgz#7438764730ec7ef4381ce4df82fb98a53142a3fc"
  integrity sha1-dDh2RzDsfvQ4HOTfgvuYpTFCo/w=
  dependencies:
    string-width "^2.1.1"

window-size@0.1.0:
  version "0.1.0"
  resolved "http://registry.qizhidao.net/window-size/-/window-size-0.1.0.tgz#5438cd2ea93b202efa3a19fe8887aee7c94f9c9d"
  integrity sha1-VDjNLqk7IC76Ohn+iIeu58lPnJ0=

wordwrap@0.0.2:
  version "0.0.2"
  resolved "http://registry.qizhidao.net/wordwrap/-/wordwrap-0.0.2.tgz#b79669bb42ecb409f83d583cad52ca17eaa1643f"
  integrity sha1-t5Zpu0LstAn4PVg8rVLKF+qhZD8=

wordwrap@~0.0.2:
  version "0.0.3"
  resolved "http://registry.qizhidao.net/wordwrap/-/wordwrap-0.0.3.tgz#a3d5da6cd5c0bc0008d37234bbaf1bed63059107"
  integrity sha1-o9XabNXAvAAI03I0u68b7WMFkQc=

wrappy@1:
  version "1.0.2"
  resolved "http://registry.qizhidao.net/wrappy/-/wrappy-1.0.2.tgz#b5243d8f3ec1aa35f1364605bc0d1036e30ab69f"
  integrity sha1-tSQ9jz7BqjXxNkYFvA0QNuMKtp8=

yallist@^2.1.2:
  version "2.1.2"
  resolved "http://registry.qizhidao.net/yallist/-/yallist-2.1.2.tgz#1c11f9218f076089a47dd512f93c6699a6a81d52"
  integrity sha1-HBH5IY8HYImkfdUS+TxmmaaoHVI=

yargs@~3.10.0:
  version "3.10.0"
  resolved "http://registry.qizhidao.net/yargs/-/yargs-3.10.0.tgz#f7ee7bd857dd7c1d2d38c0e74efbd681d1431fd1"
  integrity sha1-9+572FfdfB0tOMDnTvvWgdFDH9E=
  dependencies:
    camelcase "^1.0.2"
    cliui "^2.1.0"
    decamelize "^1.0.0"
    window-size "0.1.0"
